Microsoft Visual Studio Solution File, Format Version 11.00
# Visual Studio 2008

Project("{EB2CC9EF-DAC9-F1C5-BEF2-81453AC8C9D8}") = "scoreboard", "Assembly-CSharp.csproj", "{0BD9752C-B889-5F00-F78C-9430483F270E}"
EndProject
Global
	GlobalSection(SolutionConfigurationPlatforms) = preSolution
		Debug|Any CPU = Debug|Any CPU
		Release|Any CPU = Release|Any CPU
	EndGlobalSection
	GlobalSection(ProjectConfigurationPlatforms) = postSolution
		{0BD9752C-B889-5F00-F78C-9430483F270E}.Debug|Any CPU.ActiveCfg = Debug|Any CPU
		{0BD9752C-B889-5F00-F78C-9430483F270E}.Debug|Any CPU.Build.0 = Debug|Any CPU
		{0BD9752C-B889-5F00-F78C-9430483F270E}.Release|Any CPU.ActiveCfg = Release|Any CPU
		{0BD9752C-B889-5F00-F78C-9430483F270E}.Release|Any CPU.Build.0 = Release|Any CPU
	EndGlobalSection
	GlobalSection(SolutionProperties) = preSolution
		HideSolutionNode = FALSE
	EndGlobalSection
	GlobalSection(MonoDevelopProperties) = preSolution
		StartupItem = Assembly-CSharp.csproj
	EndGlobalSection
EndGlobal
