Microsoft Visual Studio Solution File, Format Version 11.00
# Visual Studio 2008

Project("{3B3E3DB6-9719-9E5B-09D2-4784846C8F47}") = "concurrency_game", "Assembly-CSharp.csproj", "{959FCB94-5C74-A220-6A0B-2C92195DAF63}"
EndProject
Global
	GlobalSection(SolutionConfigurationPlatforms) = preSolution
		Debug|Any CPU = Debug|Any CPU
		Release|Any CPU = Release|Any CPU
	EndGlobalSection
	GlobalSection(ProjectConfigurationPlatforms) = postSolution
		{959FCB94-5C74-A220-6A0B-2C92195DAF63}.Debug|Any CPU.ActiveCfg = Debug|Any CPU
		{959FCB94-5C74-A220-6A0B-2C92195DAF63}.Debug|Any CPU.Build.0 = Debug|Any CPU
		{959FCB94-5C74-A220-6A0B-2C92195DAF63}.Release|Any CPU.ActiveCfg = Release|Any CPU
		{959FCB94-5C74-A220-6A0B-2C92195DAF63}.Release|Any CPU.Build.0 = Release|Any CPU
	EndGlobalSection
	GlobalSection(SolutionProperties) = preSolution
		HideSolutionNode = FALSE
	EndGlobalSection
	GlobalSection(MonoDevelopProperties) = preSolution
		StartupItem = Assembly-CSharp.csproj
	EndGlobalSection
EndGlobal
