Microsoft Visual Studio Solution File, Format Version 11.00
# Visual Studio 2008

Project("{57885D12-8E64-6302-D50D-FCFD608F6A56}") = "First_2D_Project", "Assembly-CSharp.csproj", "{C247E5A8-F9E0-D153-A3CD-3381A3F7A2F8}"
EndProject
Global
	GlobalSection(SolutionConfigurationPlatforms) = preSolution
		Debug|Any CPU = Debug|Any CPU
		Release|Any CPU = Release|Any CPU
	EndGlobalSection
	GlobalSection(ProjectConfigurationPlatforms) = postSolution
		{C247E5A8-F9E0-D153-A3CD-3381A3F7A2F8}.Debug|Any CPU.ActiveCfg = Debug|Any CPU
		{C247E5A8-F9E0-D153-A3CD-3381A3F7A2F8}.Debug|Any CPU.Build.0 = Debug|Any CPU
		{C247E5A8-F9E0-D153-A3CD-3381A3F7A2F8}.Release|Any CPU.ActiveCfg = Release|Any CPU
		{C247E5A8-F9E0-D153-A3CD-3381A3F7A2F8}.Release|Any CPU.Build.0 = Release|Any CPU
	EndGlobalSection
	GlobalSection(SolutionProperties) = preSolution
		HideSolutionNode = FALSE
	EndGlobalSection
	GlobalSection(MonoDevelopProperties) = preSolution
		StartupItem = Assembly-CSharp.csproj
	EndGlobalSection
EndGlobal
