Microsoft Visual Studio Solution File, Format Version 11.00
# Visual Studio 2008

Project("{A36BA6DF-BDE4-17D9-66B7-E28AA0F89503}") = "inventory_tutorial", "Assembly-CSharp.csproj", "{482927CF-BD02-D9D4-8613-E00F5474E713}"
EndProject
Global
	GlobalSection(SolutionConfigurationPlatforms) = preSolution
		Debug|Any CPU = Debug|Any CPU
		Release|Any CPU = Release|Any CPU
	EndGlobalSection
	GlobalSection(ProjectConfigurationPlatforms) = postSolution
		{482927CF-BD02-D9D4-8613-E00F5474E713}.Debug|Any CPU.ActiveCfg = Debug|Any CPU
		{482927CF-BD02-D9D4-8613-E00F5474E713}.Debug|Any CPU.Build.0 = Debug|Any CPU
		{482927CF-BD02-D9D4-8613-E00F5474E713}.Release|Any CPU.ActiveCfg = Release|Any CPU
		{482927CF-BD02-D9D4-8613-E00F5474E713}.Release|Any CPU.Build.0 = Release|Any CPU
	EndGlobalSection
	GlobalSection(SolutionProperties) = preSolution
		HideSolutionNode = FALSE
	EndGlobalSection
	GlobalSection(MonoDevelopProperties) = preSolution
		StartupItem = Assembly-CSharp.csproj
	EndGlobalSection
EndGlobal
