Microsoft Visual Studio Solution File, Format Version 11.00
# Visual Studio 2008

Project("{5CE81525-F36C-921B-4123-037AC13C3B3C}") = "drag-and-drop", "Assembly-CSharp.csproj", "{DA721E24-BA6D-DCDF-FCC1-4677ED28F191}"
EndProject
Global
	GlobalSection(SolutionConfigurationPlatforms) = preSolution
		Debug|Any CPU = Debug|Any CPU
		Release|Any CPU = Release|Any CPU
	EndGlobalSection
	GlobalSection(ProjectConfigurationPlatforms) = postSolution
		{DA721E24-BA6D-DCDF-FCC1-4677ED28F191}.Debug|Any CPU.ActiveCfg = Debug|Any CPU
		{DA721E24-BA6D-DCDF-FCC1-4677ED28F191}.Debug|Any CPU.Build.0 = Debug|Any CPU
		{DA721E24-BA6D-DCDF-FCC1-4677ED28F191}.Release|Any CPU.ActiveCfg = Release|Any CPU
		{DA721E24-BA6D-DCDF-FCC1-4677ED28F191}.Release|Any CPU.Build.0 = Release|Any CPU
	EndGlobalSection
	GlobalSection(SolutionProperties) = preSolution
		HideSolutionNode = FALSE
	EndGlobalSection
	GlobalSection(MonoDevelopProperties) = preSolution
		StartupItem = Assembly-CSharp.csproj
	EndGlobalSection
EndGlobal
